
Microsoft Visual Studio Solution File, Format Version 12.00
# Visual Studio Version 17
VisualStudioVersion = 17.8.34408.163
MinimumVisualStudioVersion = 10.0.40219.1
Project("{FAE04EC0-301F-11D3-BF4B-00C04F79EFBC}") = "Lab3Student", "Lab3Student\Lab3Student.csproj", "{C721A495-E3F7-45E3-88D8-78BCB96B1ACE}"
EndProject
Global
	GlobalSection(SolutionConfigurationPlatforms) = preSolution
		Debug|Any CPU = Debug|Any CPU
		Release|Any CPU = Release|Any CPU
	EndGlobalSection
	GlobalSection(ProjectConfigurationPlatforms) = postSolution
		{C721A495-E3F7-45E3-88D8-78BCB96B1ACE}.Debug|Any CPU.ActiveCfg = Debug|Any CPU
		{C721A495-E3F7-45E3-88D8-78BCB96B1ACE}.Debug|Any CPU.Build.0 = Debug|Any CPU
		{C721A495-E3F7-45E3-88D8-78BCB96B1ACE}.Release|Any CPU.ActiveCfg = Release|Any CPU
		{C721A495-E3F7-45E3-88D8-78BCB96B1ACE}.Release|Any CPU.Build.0 = Release|Any CPU
	EndGlobalSection
	GlobalSection(SolutionProperties) = preSolution
		HideSolutionNode = FALSE
	EndGlobalSection
	GlobalSection(ExtensibilityGlobals) = postSolution
		SolutionGuid = {0874F52E-D08D-4F80-A04E-3A0F52880297}
	EndGlobalSection
EndGlobal
